
Microsoft Visual Studio Solution File, Format Version 12.00
# Visual Studio Version 17
VisualStudioVersion = 17.0.31903.59
MinimumVisualStudioVersion = 10.0.40219.1
Project("{FAE04EC0-301F-11D3-BF4B-00C04F79EFBC}") = "Hostel.Core", "Hostel.Core\Hostel.Core.csproj", "{18128587-8009-4B65-9953-B2B653F98613}"
EndProject
Project("{FAE04EC0-301F-11D3-BF4B-00C04F79EFBC}") = "Hostel.ConsoleApp", "Hostel.ConsoleApp\Hostel.ConsoleApp.csproj", "{A7391404-3AC0-4032-A34B-CC79C25BDC87}"
EndProject
Global
	GlobalSection(SolutionConfigurationPlatforms) = preSolution
		Debug|Any CPU = Debug|Any CPU
		Release|Any CPU = Release|Any CPU
	EndGlobalSection
	GlobalSection(SolutionProperties) = preSolution
		HideSolutionNode = FALSE
	EndGlobalSection
	GlobalSection(ProjectConfigurationPlatforms) = postSolution
		{18128587-8009-4B65-9953-B2B653F98613}.Debug|Any CPU.ActiveCfg = Debug|Any CPU
		{18128587-8009-4B65-9953-B2B653F98613}.Debug|Any CPU.Build.0 = Debug|Any CPU
		{18128587-8009-4B65-9953-B2B653F98613}.Release|Any CPU.ActiveCfg = Release|Any CPU
		{18128587-8009-4B65-9953-B2B653F98613}.Release|Any CPU.Build.0 = Release|Any CPU
		{A7391404-3AC0-4032-A34B-CC79C25BDC87}.Debug|Any CPU.ActiveCfg = Debug|Any CPU
		{A7391404-3AC0-4032-A34B-CC79C25BDC87}.Debug|Any CPU.Build.0 = Debug|Any CPU
		{A7391404-3AC0-4032-A34B-CC79C25BDC87}.Release|Any CPU.ActiveCfg = Release|Any CPU
		{A7391404-3AC0-4032-A34B-CC79C25BDC87}.Release|Any CPU.Build.0 = Release|Any CPU
	EndGlobalSection
EndGlobal
